
Microsoft Visual Studio Solution File, Format Version 12.00
# Visual Studio Version 17
VisualStudioVersion = 17.2.32505.173
MinimumVisualStudioVersion = 10.0.40219.1
Project("{9A19103F-16F7-4668-BE54-9A1E7A4F7556}") = "ChatWebAPI", "ChatWebAPI\ChatWebAPI.csproj", "{D1906F10-BE13-4515-AAE5-8DC9A7B2C332}"
EndProject
Global
	GlobalSection(SolutionConfigurationPlatforms) = preSolution
		Debug|Any CPU = Debug|Any CPU
		Release|Any CPU = Release|Any CPU
	EndGlobalSection
	GlobalSection(ProjectConfigurationPlatforms) = postSolution
		{D1906F10-BE13-4515-AAE5-8DC9A7B2C332}.Debug|Any CPU.ActiveCfg = Debug|Any CPU
		{D1906F10-BE13-4515-AAE5-8DC9A7B2C332}.Debug|Any CPU.Build.0 = Debug|Any CPU
		{D1906F10-BE13-4515-AAE5-8DC9A7B2C332}.Release|Any CPU.ActiveCfg = Release|Any CPU
		{D1906F10-BE13-4515-AAE5-8DC9A7B2C332}.Release|Any CPU.Build.0 = Release|Any CPU
	EndGlobalSection
	GlobalSection(SolutionProperties) = preSolution
		HideSolutionNode = FALSE
	EndGlobalSection
	GlobalSection(ExtensibilityGlobals) = postSolution
		SolutionGuid = {70A941AA-F71D-4919-94EE-B815FC4FD17B}
	EndGlobalSection
EndGlobal
